
Microsoft Visual Studio Solution File, Format Version 12.00
# Visual Studio Version 18
VisualStudioVersion = 18.0.11205.157 d18.0
MinimumVisualStudioVersion = 10.0.40219.1
Project("{2150E333-8FDC-42A3-9474-1A3956D46DE8}") = "src", "src", "{0E2CB50D-307B-458D-A14F-C5F882B16849}"
EndProject
Project("{FAE04EC0-301F-11D3-BF4B-00C04F79EFBC}") = "DedsiNative.Domain", "src\DedsiNative.Domain\DedsiNative.Domain.csproj", "{FE3F4383-C27E-70D8-6861-73DC1DE9B3D9}"
EndProject
Project("{FAE04EC0-301F-11D3-BF4B-00C04F79EFBC}") = "DedsiNative.HttpApi", "src\DedsiNative.HttpApi\DedsiNative.HttpApi.csproj", "{BDF76CA9-A53B-E8DB-4031-5096C3E6772A}"
EndProject
Project("{FAE04EC0-301F-11D3-BF4B-00C04F79EFBC}") = "DedsiNative.Infrastructure", "src\DedsiNative.Infrastructure\DedsiNative.Infrastructure.csproj", "{D51437F7-DCF2-C92D-9055-BF0C3C168FD0}"
EndProject
Project("{FAE04EC0-301F-11D3-BF4B-00C04F79EFBC}") = "DedsiNative.Operation", "src\DedsiNative.Operation\DedsiNative.Operation.csproj", "{2A74478A-7725-4EB6-B458-CC46B53B451E}"
EndProject
Project("{2150E333-8FDC-42A3-9474-1A3956D46DE8}") = "frameworks", "frameworks", "{62592F76-70DE-469A-96AD-1C74A08FF8C5}"
EndProject
Project("{FAE04EC0-301F-11D3-BF4B-00C04F79EFBC}") = "Dedsi.Domain", "frameworks\Dedsi.Domain\Dedsi.Domain.csproj", "{8999F06B-8CFD-4216-B331-92070CBACF62}"
EndProject
Project("{FAE04EC0-301F-11D3-BF4B-00C04F79EFBC}") = "Dedsi.Operation", "frameworks\Dedsi.Operation\Dedsi.Operation.csproj", "{213D4206-4F0A-48B8-92D6-3DD0985BF016}"
EndProject
Project("{FAE04EC0-301F-11D3-BF4B-00C04F79EFBC}") = "Dedsi.AspNetCore", "frameworks\Dedsi.AspNetCore\Dedsi.AspNetCore.csproj", "{47D01791-4B42-4CD3-B643-AA1EA32287D6}"
EndProject
Global
	GlobalSection(SolutionConfigurationPlatforms) = preSolution
		Debug|Any CPU = Debug|Any CPU
		Release|Any CPU = Release|Any CPU
	EndGlobalSection
	GlobalSection(ProjectConfigurationPlatforms) = postSolution
		{FE3F4383-C27E-70D8-6861-73DC1DE9B3D9}.Debug|Any CPU.ActiveCfg = Debug|Any CPU
		{FE3F4383-C27E-70D8-6861-73DC1DE9B3D9}.Debug|Any CPU.Build.0 = Debug|Any CPU
		{FE3F4383-C27E-70D8-6861-73DC1DE9B3D9}.Release|Any CPU.ActiveCfg = Release|Any CPU
		{FE3F4383-C27E-70D8-6861-73DC1DE9B3D9}.Release|Any CPU.Build.0 = Release|Any CPU
		{BDF76CA9-A53B-E8DB-4031-5096C3E6772A}.Debug|Any CPU.ActiveCfg = Debug|Any CPU
		{BDF76CA9-A53B-E8DB-4031-5096C3E6772A}.Debug|Any CPU.Build.0 = Debug|Any CPU
		{BDF76CA9-A53B-E8DB-4031-5096C3E6772A}.Release|Any CPU.ActiveCfg = Release|Any CPU
		{BDF76CA9-A53B-E8DB-4031-5096C3E6772A}.Release|Any CPU.Build.0 = Release|Any CPU
		{D51437F7-DCF2-C92D-9055-BF0C3C168FD0}.Debug|Any CPU.ActiveCfg = Debug|Any CPU
		{D51437F7-DCF2-C92D-9055-BF0C3C168FD0}.Debug|Any CPU.Build.0 = Debug|Any CPU
		{D51437F7-DCF2-C92D-9055-BF0C3C168FD0}.Release|Any CPU.ActiveCfg = Release|Any CPU
		{D51437F7-DCF2-C92D-9055-BF0C3C168FD0}.Release|Any CPU.Build.0 = Release|Any CPU
		{2A74478A-7725-4EB6-B458-CC46B53B451E}.Debug|Any CPU.ActiveCfg = Debug|Any CPU
		{2A74478A-7725-4EB6-B458-CC46B53B451E}.Debug|Any CPU.Build.0 = Debug|Any CPU
		{2A74478A-7725-4EB6-B458-CC46B53B451E}.Release|Any CPU.ActiveCfg = Release|Any CPU
		{2A74478A-7725-4EB6-B458-CC46B53B451E}.Release|Any CPU.Build.0 = Release|Any CPU
		{8999F06B-8CFD-4216-B331-92070CBACF62}.Debug|Any CPU.ActiveCfg = Debug|Any CPU
		{8999F06B-8CFD-4216-B331-92070CBACF62}.Debug|Any CPU.Build.0 = Debug|Any CPU
		{8999F06B-8CFD-4216-B331-92070CBACF62}.Release|Any CPU.ActiveCfg = Release|Any CPU
		{8999F06B-8CFD-4216-B331-92070CBACF62}.Release|Any CPU.Build.0 = Release|Any CPU
		{213D4206-4F0A-48B8-92D6-3DD0985BF016}.Debug|Any CPU.ActiveCfg = Debug|Any CPU
		{213D4206-4F0A-48B8-92D6-3DD0985BF016}.Debug|Any CPU.Build.0 = Debug|Any CPU
		{213D4206-4F0A-48B8-92D6-3DD0985BF016}.Release|Any CPU.ActiveCfg = Release|Any CPU
		{213D4206-4F0A-48B8-92D6-3DD0985BF016}.Release|Any CPU.Build.0 = Release|Any CPU
		{47D01791-4B42-4CD3-B643-AA1EA32287D6}.Debug|Any CPU.ActiveCfg = Debug|Any CPU
		{47D01791-4B42-4CD3-B643-AA1EA32287D6}.Debug|Any CPU.Build.0 = Debug|Any CPU
		{47D01791-4B42-4CD3-B643-AA1EA32287D6}.Release|Any CPU.ActiveCfg = Release|Any CPU
		{47D01791-4B42-4CD3-B643-AA1EA32287D6}.Release|Any CPU.Build.0 = Release|Any CPU
	EndGlobalSection
	GlobalSection(SolutionProperties) = preSolution
		HideSolutionNode = FALSE
	EndGlobalSection
	GlobalSection(NestedProjects) = preSolution
		{FE3F4383-C27E-70D8-6861-73DC1DE9B3D9} = {0E2CB50D-307B-458D-A14F-C5F882B16849}
		{BDF76CA9-A53B-E8DB-4031-5096C3E6772A} = {0E2CB50D-307B-458D-A14F-C5F882B16849}
		{D51437F7-DCF2-C92D-9055-BF0C3C168FD0} = {0E2CB50D-307B-458D-A14F-C5F882B16849}
		{2A74478A-7725-4EB6-B458-CC46B53B451E} = {0E2CB50D-307B-458D-A14F-C5F882B16849}
		{8999F06B-8CFD-4216-B331-92070CBACF62} = {62592F76-70DE-469A-96AD-1C74A08FF8C5}
		{213D4206-4F0A-48B8-92D6-3DD0985BF016} = {62592F76-70DE-469A-96AD-1C74A08FF8C5}
		{47D01791-4B42-4CD3-B643-AA1EA32287D6} = {62592F76-70DE-469A-96AD-1C74A08FF8C5}
	EndGlobalSection
	GlobalSection(ExtensibilityGlobals) = postSolution
		SolutionGuid = {50136987-5397-44DB-A55C-5B02466A110F}
	EndGlobalSection
EndGlobal
